{
  "name": "PricingServers",
  "lockfileVersion": 3,
  "requires": true,
  "packages": {
    "": {
      "dependencies": {
        "@fontsource/syne": "^5.1.0"
      }
    },
    "node_modules/@fontsource/syne": {
      "version": "5.1.0",
      "resolved": "https://registry.npmjs.org/@fontsource/syne/-/syne-5.1.0.tgz",
      "integrity": "sha512-smFC8PfzhGO8In1cGP8jHW+3Fxotl75y/WIanUaohHPAmReRG8+Y3wfEomyxOnli18/03SdydEqy2gZGwKhpyA==",
      "license": "OFL-1.1"
    }
  }
}
